schema: '2.0'
stages:
  data_ingestion:
    cmd: python src/data_ingestion.py
    deps:
    - path: src/data_ingestion.py
      hash: md5
      md5: af66843ef50d79515c1ea285ab282894
      size: 3652
      isexec: true
    params:
      params.yaml:
        data_ingestion.test_size: 0.05
    outs:
    - path: data/raw
      hash: md5
      md5: 4ea568625e134aaf49b387fb4b3629fa.dir
      size: 479272
      nfiles: 2
  data_preprocessing:
    cmd: python src/data_preprocessing.py
    deps:
    - path: data/raw
      hash: md5
      md5: 4ea568625e134aaf49b387fb4b3629fa.dir
      size: 479272
      nfiles: 2
    - path: src/data_preprocessing.py
      hash: md5
      md5: b73bf109acefff6400eae34f706cdb59
      size: 3772
      isexec: true
    outs:
    - path: data/interim
      hash: md5
      md5: 55e8aa84c32a8811b7f43ee7116cf28b.dir
      size: 266692
      nfiles: 2
  feature_engineering:
    cmd: python src/feature_engineering.py
    deps:
    - path: data/interim
      hash: md5
      md5: 55e8aa84c32a8811b7f43ee7116cf28b.dir
      size: 266692
      nfiles: 2
    - path: src/feature_engineering.py
      hash: md5
      md5: 01994e8d9ffc4b365edbfc6fbdc26ad4
      size: 3797
      isexec: true
    params:
      params.yaml:
        feature_engineering.max_features: 70
    outs:
    - path: data/processed
      hash: md5
      md5: f3933da811e03b27edad3b96c7afeb0c.dir
      size: 1600765
      nfiles: 2
  model_building:
    cmd: python src/model_building.py
    deps:
    - path: data/processed
      hash: md5
      md5: f3933da811e03b27edad3b96c7afeb0c.dir
      size: 1600765
      nfiles: 2
    - path: src/model_building.py
      hash: md5
      md5: 77c025cb068578132c19a747b222ee47
      size: 3767
      isexec: true
    params:
      params.yaml:
        model_building.n_estimators: 60
        model_building.random_state: 5
    outs:
    - path: model/model.pkl
      hash: md5
      md5: bc973e5de8fa868b806c81e91abb9217
      size: 3060685
      isexec: true
